# Generated by pub
# See https://dart.dev/tools/pub/glossary#lockfile
packages:
  archive:
    dependency: transitive
    description:
      name: archive
      sha256: "80e5141fafcb3361653ce308776cfd7d45e6e9fbb429e14eec571382c0c5fecb"
      url: "https://pub.dev"
    source: hosted
    version: "3.3.2"
  args:
    dependency: transitive
    description:
      name: args
      sha256: b003c3098049a51720352d219b0bb5f219b60fbfb68e7a4748139a06a5676515
      url: "https://pub.dev"
    source: hosted
    version: "2.3.1"
  async:
    dependency: transitive
    description:
      name: async
      sha256: "271b8899fc99f9df4f4ed419fa14e2fff392c7b2c162fbb87b222e2e963ddc73"
      url: "https://pub.dev"
    source: hosted
    version: "2.9.0"
  async_extension:
    dependency: transitive
    description:
      name: async_extension
      sha256: cbffec36bf2f77de49b22a3020a890a6a8fe7343728cabb465c8cabedf47dfa6
      url: "https://pub.dev"
    source: hosted
    version: "1.0.12"
  beautiful_soup_dart:
    dependency: "direct main"
    description:
      name: beautiful_soup_dart
      sha256: "57e23946c85776dd9515a4e9a14263fff37dbedbd559bc4412bf565886e12b10"
      url: "https://pub.dev"
    source: hosted
    version: "0.3.0"
  boolean_selector:
    dependency: transitive
    description:
      name: boolean_selector
      sha256: "5bbf32bc9e518d41ec49718e2931cd4527292c9b0c6d2dffcf7fe6b9a8a8cf72"
      url: "https://pub.dev"
    source: hosted
    version: "2.1.0"
  characters:
    dependency: transitive
    description:
      name: characters
      sha256: e6a326c8af69605aec75ed6c187d06b349707a27fbff8222ca9cc2cff167975c
      url: "https://pub.dev"
    source: hosted
    version: "1.2.1"
  charcode:
    dependency: transitive
    description:
      name: charcode
      sha256: fb98c0f6d12c920a02ee2d998da788bca066ca5f148492b7085ee23372b12306
      url: "https://pub.dev"
    source: hosted
    version: "1.3.1"
  checked_yaml:
    dependency: transitive
    description:
      name: checked_yaml
      sha256: dd007e4fb8270916820a0d66e24f619266b60773cddd082c6439341645af2659
      url: "https://pub.dev"
    source: hosted
    version: "2.0.1"
  cli_util:
    dependency: transitive
    description:
      name: cli_util
      sha256: "66f86e916d285c1a93d3b79587d94bd71984a66aac4ff74e524cfa7877f1395c"
      url: "https://pub.dev"
    source: hosted
    version: "0.3.5"
  clock:
    dependency: transitive
    description:
      name: clock
      sha256: cb6d7f03e1de671e34607e909a7213e31d7752be4fb66a86d29fe1eb14bfb5cf
      url: "https://pub.dev"
    source: hosted
    version: "1.1.1"
  collection:
    dependency: transitive
    description:
      name: collection
      sha256: cfc915e6923fe5ce6e153b0723c753045de46de1b4d63771530504004a45fae0
      url: "https://pub.dev"
    source: hosted
    version: "1.17.0"
  crypto:
    dependency: transitive
    description:
      name: crypto
      sha256: aa274aa7774f8964e4f4f38cc994db7b6158dd36e9187aaceaddc994b35c6c67
      url: "https://pub.dev"
    source: hosted
    version: "3.0.2"
  csslib:
    dependency: transitive
    description:
      name: csslib
      sha256: b36c7f7e24c0bdf1bf9a3da461c837d1de64b9f8beb190c9011d8c72a3dfd745
      url: "https://pub.dev"
    source: hosted
    version: "0.17.2"
  dom_tools:
    dependency: "direct main"
    description:
      name: dom_tools
      sha256: "7e57f9dc0b6fb54d963c6c63f3a736a9b012f0791c270377015728d603158203"
      url: "https://pub.dev"
    source: hosted
    version: "2.1.7"
  enum_to_string:
    dependency: transitive
    description:
      name: enum_to_string
      sha256: bd9e83a33b754cb43a75b36a9af2a0b92a757bfd9847d2621ca0b1bed45f8e7a
      url: "https://pub.dev"
    source: hosted
    version: "2.0.1"
  fake_async:
    dependency: transitive
    description:
      name: fake_async
      sha256: "511392330127add0b769b75a987850d136345d9227c6b94c96a04cf4a391bf78"
      url: "https://pub.dev"
    source: hosted
    version: "1.3.1"
  flutter:
    dependency: "direct main"
    description: flutter
    source: sdk
    version: "0.0.0"
  flutter_alarm_clock:
    dependency: "direct main"
    description:
      name: flutter_alarm_clock
      sha256: "6895d7d395c8f040a7043f83575004f79289ba8ccbc0e1aa27e5285795dd6a4b"
      url: "https://pub.dev"
    source: hosted
    version: "0.0.2"
  flutter_launcher_icons:
    dependency: "direct dev"
    description:
      name: flutter_launcher_icons
      sha256: a9de6706cd844668beac27c0aed5910fa0534832b3c2cad61a5fd977fce82a5d
      url: "https://pub.dev"
    source: hosted
    version: "0.10.0"
  flutter_test:
    dependency: "direct dev"
    description: flutter
    source: sdk
    version: "0.0.0"
  html:
    dependency: "direct main"
    description:
      name: html
      sha256: d9793e10dbe0e6c364f4c59bf3e01fb33a9b2a674bc7a1081693dba0614b6269
      url: "https://pub.dev"
    source: hosted
    version: "0.15.1"
  http:
    dependency: "direct main"
    description:
      name: http
      sha256: "6aa2946395183537c8b880962d935877325d6a09a2867c3970c05c0fed6ac482"
      url: "https://pub.dev"
    source: hosted
    version: "0.13.5"
  http_parser:
    dependency: transitive
    description:
      name: http_parser
      sha256: "2aa08ce0341cc9b354a498388e30986515406668dbcc4f7c950c3e715496693b"
      url: "https://pub.dev"
    source: hosted
    version: "4.0.2"
  image:
    dependency: transitive
    description:
      name: image
      sha256: f6ffe2895e3c86c6ad5a27e6302cf807403463e397cb2f0c580f619ac2fa588b
      url: "https://pub.dev"
    source: hosted
    version: "3.2.2"
  intl:
    dependency: "direct main"
    description:
      name: intl
      sha256: "910f85bce16fb5c6f614e117efa303e85a1731bb0081edf3604a2ae6e9a3cc91"
      url: "https://pub.dev"
    source: hosted
    version: "0.17.0"
  js:
    dependency: transitive
    description:
      name: js
      sha256: "5528c2f391ededb7775ec1daa69e65a2d61276f7552de2b5f7b8d34ee9fd4ab7"
      url: "https://pub.dev"
    source: hosted
    version: "0.6.5"
  json_annotation:
    dependency: transitive
    description:
      name: json_annotation
      sha256: "3520fa844009431b5d4491a5a778603520cdc399ab3406332dcc50f93547258c"
      url: "https://pub.dev"
    source: hosted
    version: "4.7.0"
  json_object_mapper:
    dependency: transitive
    description:
      name: json_object_mapper
      sha256: "8566947565045eb2a8dd679029c4fcbb84dfd0e10309a1693e67e83e174893a2"
      url: "https://pub.dev"
    source: hosted
    version: "2.0.1"
  markdown:
    dependency: transitive
    description:
      name: markdown
      sha256: "39caf989ccc72c63e87b961851a74257141938599ed2db45fbd9403fee0db423"
      url: "https://pub.dev"
    source: hosted
    version: "5.0.0"
  matcher:
    dependency: transitive
    description:
      name: matcher
      sha256: "80c2989398773fa06e2457e9ff08580f24e9858b28462a722241cb53e5613478"
      url: "https://pub.dev"
    source: hosted
    version: "0.12.12"
  material_color_utilities:
    dependency: transitive
    description:
      name: material_color_utilities
      sha256: d92141dc6fe1dad30722f9aa826c7fbc896d021d792f80678280601aff8cf724
      url: "https://pub.dev"
    source: hosted
    version: "0.2.0"
  meta:
    dependency: transitive
    description:
      name: meta
      sha256: "6c268b42ed578a53088d834796959e4a1814b5e9e164f147f580a386e5decf42"
      url: "https://pub.dev"
    source: hosted
    version: "1.8.0"
  path:
    dependency: transitive
    description:
      name: path
      sha256: db9d4f58c908a4ba5953fcee2ae317c94889433e5024c27ce74a37f94267945b
      url: "https://pub.dev"
    source: hosted
    version: "1.8.2"
  petitparser:
    dependency: transitive
    description:
      name: petitparser
      sha256: "49392a45ced973e8d94a85fdb21293fbb40ba805fc49f2965101ae748a3683b4"
      url: "https://pub.dev"
    source: hosted
    version: "5.1.0"
  resource_portable:
    dependency: transitive
    description:
      name: resource_portable
      sha256: "672b0421628a0d844d83803beba31ce7fed9243a2f7917b09e23ce6d817054c5"
      url: "https://pub.dev"
    source: hosted
    version: "3.0.0"
  sky_engine:
    dependency: transitive
    description: flutter
    source: sdk
    version: "0.0.99"
  source_span:
    dependency: transitive
    description:
      name: source_span
      sha256: dd904f795d4b4f3b870833847c461801f6750a9fa8e61ea5ac53f9422b31f250
      url: "https://pub.dev"
    source: hosted
    version: "1.9.1"
  stack_canvas:
    dependency: "direct main"
    description:
      name: stack_canvas
      sha256: "51ddf87201a4074fef2fad61f532082392db2e1e5e4893352b2e1813ab824d5d"
      url: "https://pub.dev"
    source: hosted
    version: "0.2.0+2"
  stack_trace:
    dependency: transitive
    description:
      name: stack_trace
      sha256: c3c7d8edb15bee7f0f74debd4b9c5f3c2ea86766fe4178eb2a18eb30a0bdaed5
      url: "https://pub.dev"
    source: hosted
    version: "1.11.0"
  stream_channel:
    dependency: transitive
    description:
      name: stream_channel
      sha256: "83615bee9045c1d322bbbd1ba209b7a749c2cbcdcb3fdd1df8eb488b3279c1c8"
      url: "https://pub.dev"
    source: hosted
    version: "2.1.1"
  string_scanner:
    dependency: transitive
    description:
      name: string_scanner
      sha256: "862015c5db1f3f3c4ea3b94dc2490363a84262994b88902315ed74be1155612f"
      url: "https://pub.dev"
    source: hosted
    version: "1.1.1"
  swiss_knife:
    dependency: transitive
    description:
      name: swiss_knife
      sha256: "8baa4c6b61998b240da599ce66013accf84a7019b3a2e2f8bc469fddce071fa1"
      url: "https://pub.dev"
    source: hosted
    version: "3.1.2"
  term_glyph:
    dependency: transitive
    description:
      name: term_glyph
      sha256: a29248a84fbb7c79282b40b8c72a1209db169a2e0542bce341da992fe1bc7e84
      url: "https://pub.dev"
    source: hosted
    version: "1.2.1"
  test_api:
    dependency: transitive
    description:
      name: test_api
      sha256: ceeddf59d613e862e77f4b506cfc2945ac9637ce0b4c00f4f4c1ac639f3e9731
      url: "https://pub.dev"
    source: hosted
    version: "0.4.14"
  typed_data:
    dependency: transitive
    description:
      name: typed_data
      sha256: "26f87ade979c47a150c9eaab93ccd2bebe70a27dc0b4b29517f2904f04eb11a5"
      url: "https://pub.dev"
    source: hosted
    version: "1.3.1"
  vector_math:
    dependency: transitive
    description:
      name: vector_math
      sha256: "80b3257d1492ce4d091729e3a67a60407d227c27241d6927be0130c98e741803"
      url: "https://pub.dev"
    source: hosted
    version: "2.1.4"
  web_scraper:
    dependency: "direct main"
    description:
      name: web_scraper
      sha256: "34d41de25c1aaeeca2cd91c1d062ee3126f59db6c84ec32da17d44d082ecc177"
      url: "https://pub.dev"
    source: hosted
    version: "0.1.4"
  xml:
    dependency: transitive
    description:
      name: xml
      sha256: "1a235945f0831980f690291fe7744e440d73acb20fc18b923cea373f391a2837"
      url: "https://pub.dev"
    source: hosted
    version: "6.2.0"
  yaml:
    dependency: transitive
    description:
      name: yaml
      sha256: "23812a9b125b48d4007117254bca50abb6c712352927eece9e155207b1db2370"
      url: "https://pub.dev"
    source: hosted
    version: "3.1.1"
sdks:
  dart: ">=2.19.0-330.0.dev <4.0.0"
  flutter: ">=1.20.0"
